// !$*UTF8*$!
{
	archiveVersion = 1;
	classes = {
	};
	objectVersion = 77;
	objects = {

/* Begin PBXContainerItemProxy section */
		B973C78C2CF955EC005D25FE /* PBXContainerItemProxy */ = {
			isa = PBXContainerItemProxy;
			containerPortal = B973C7712CF955EA005D25FE /* Project object */;
			proxyType = 1;
			remoteGlobalIDString = B973C7782CF955EA005D25FE;
			remoteInfo = "Coversor de Moedas";
		};
		B973C7962CF955EC005D25FE /* PBXContainerItemProxy */ = {
			isa = PBXContainerItemProxy;
			containerPortal = B973C7712CF955EA005D25FE /* Project object */;
			proxyType = 1;
			remoteGlobalIDString = B973C7782CF955EA005D25FE;
			remoteInfo = "Coversor de Moedas";
		};
/* End PBXContainerItemProxy section */

/* Begin PBXFileReference section */
		B973C7792CF955EA005D25FE /* Coversor de Moedas.app */ = {isa = PBXFileReference; explicitFileType = wrapper.application; includeInIndex = 0; path = "Coversor de Moedas.app"; sourceTree = BUILT_PRODUCTS_DIR; };
		B973C78B2CF955EC005D25FE /* Coversor de MoedasTests.xctest */ = {isa = PBXFileReference; explicitFileType = wrapper.cfbundle; includeInIndex = 0; path = "Coversor de MoedasTests.xctest"; sourceTree = BUILT_PRODUCTS_DIR; };
		B973C7952CF955EC005D25FE /* Coversor de MoedasUITests.xctest */ = {isa = PBXFileReference; explicitFileType = wrapper.cfbundle; includeInIndex = 0; path = "Coversor de MoedasUITests.xctest"; sourceTree = BUILT_PRODUCTS_DIR; };
/* End PBXFileReference section */

/* Begin PBXFileSystemSynchronizedRootGroup section */
		B973C77B2CF955EA005D25FE /* Coversor de Moedas */ = {
			isa = PBXFileSystemSynchronizedRootGroup;
			path = "Coversor de Moedas";
			sourceTree = "<group>";
		};
		B973C78E2CF955EC005D25FE /* Coversor de MoedasTests */ = {
			isa = PBXFileSystemSynchronizedRootGroup;
			path = "Coversor de MoedasTests";
			sourceTree = "<group>";
		};
		B973C7982CF955EC005D25FE /* Coversor de MoedasUITests */ = {
			isa = PBXFileSystemSynchronizedRootGroup;
			path = "Coversor de MoedasUITests";
			sourceTree = "<group>";
		};
/* End PBXFileSystemSynchronizedRootGroup section */

/* Begin PBXFrameworksBuildPhase section */
		B973C7762CF955EA005D25FE /* Frameworks */ = {
			isa = PBXFrameworksBuildPhase;
			buildActionMask = 2147483647;
			files = (
			);
			runOnlyForDeploymentPostprocessing = 0;
		};
		B973C7882CF955EC005D25FE /* Frameworks */ = {
			isa = PBXFrameworksBuildPhase;
			buildActionMask = 2147483647;
			files = (
			);
			runOnlyForDeploymentPostprocessing = 0;
		};
		B973C7922CF955EC005D25FE /* Frameworks */ = {
			isa = PBXFrameworksBuildPhase;
			buildActionMask = 2147483647;
			files = (
			);
			runOnlyForDeploymentPostprocessing = 0;
		};
/* End PBXFrameworksBuildPhase section */

/* Begin PBXGroup section */
		B973C7702CF955EA005D25FE = {
			isa = PBXGroup;
			children = (
				B973C77B2CF955EA005D25FE /* Coversor de Moedas */,
				B973C78E2CF955EC005D25FE /* Coversor de MoedasTests */,
				B973C7982CF955EC005D25FE /* Coversor de MoedasUITests */,
				B973C77A2CF955EA005D25FE /* Products */,
			);
			sourceTree = "<group>";
		};
		B973C77A2CF955EA005D25FE /* Products */ = {
			isa = PBXGroup;
			children = (
				B973C7792CF955EA005D25FE /* Coversor de Moedas.app */,
				B973C78B2CF955EC005D25FE /* Coversor de MoedasTests.xctest */,
				B973C7952CF955EC005D25FE /* Coversor de MoedasUITests.xctest */,
			);
			name = Products;
			sourceTree = "<group>";
		};
/* End PBXGroup section */

/* Begin PBXNativeTarget section */
		B973C7782CF955EA005D25FE /* Coversor de Moedas */ = {
			isa = PBXNativeTarget;
			buildConfigurationList = B973C79F2CF955EC005D25FE /* Build configuration list for PBXNativeTarget "Coversor de Moedas" */;
			buildPhases = (
				B973C7752CF955EA005D25FE /* Sources */,
				B973C7762CF955EA005D25FE /* Frameworks */,
				B973C7772CF955EA005D25FE /* Resources */,
			);
			buildRules = (
			);
			dependencies = (
			);
			fileSystemSynchronizedGroups = (
				B973C77B2CF955EA005D25FE /* Coversor de Moedas */,
			);
			name = "Coversor de Moedas";
			packageProductDependencies = (
			);
			productName = "Coversor de Moedas";
			productReference = B973C7792CF955EA005D25FE /* Coversor de Moedas.app */;
			productType = "com.apple.product-type.application";
		};
		B973C78A2CF955EC005D25FE /* Coversor de MoedasTests */ = {
			isa = PBXNativeTarget;
			buildConfigurationList = B973C7A22CF955EC005D25FE /* Build configuration list for PBXNativeTarget "Coversor de MoedasTests" */;
			buildPhases = (
				B973C7872CF955EC005D25FE /* Sources */,
				B973C7882CF955EC005D25FE /* Frameworks */,
				B973C7892CF955EC005D25FE /* Resources */,
			);
			buildRules = (
			);
			dependencies = (
				B973C78D2CF955EC005D25FE /* PBXTargetDependency */,
			);
			fileSystemSynchronizedGroups = (
				B973C78E2CF955EC005D25FE /* Coversor de MoedasTests */,
			);
			name = "Coversor de MoedasTests";
			packageProductDependencies = (
			);
			productName = "Coversor de MoedasTests";
			productReference = B973C78B2CF955EC005D25FE /* Coversor de MoedasTests.xctest */;
			productType = "com.apple.product-type.bundle.unit-test";
		};
		B973C7942CF955EC005D25FE /* Coversor de MoedasUITests */ = {
			isa = PBXNativeTarget;
			buildConfigurationList = B973C7A52CF955EC005D25FE /* Build configuration list for PBXNativeTarget "Coversor de MoedasUITests" */;
			buildPhases = (
				B973C7912CF955EC005D25FE /* Sources */,
				B973C7922CF955EC005D25FE /* Frameworks */,
				B973C7932CF955EC005D25FE /* Resources */,
			);
			buildRules = (
			);
			dependencies = (
				B973C7972CF955EC005D25FE /* PBXTargetDependency */,
			);
			fileSystemSynchronizedGroups = (
				B973C7982CF955EC005D25FE /* Coversor de MoedasUITests */,
			);
			name = "Coversor de MoedasUITests";
			packageProductDependencies = (
			);
			productName = "Coversor de MoedasUITests";
			productReference = B973C7952CF955EC005D25FE /* Coversor de MoedasUITests.xctest */;
			productType = "com.apple.product-type.bundle.ui-testing";
		};
/* End PBXNativeTarget section */

/* Begin PBXProject section */
		B973C7712CF955EA005D25FE /* Project object */ = {
			isa = PBXProject;
			attributes = {
				BuildIndependentTargetsInParallel = 1;
				LastSwiftUpdateCheck = 1610;
				LastUpgradeCheck = 1610;
				TargetAttributes = {
					B973C7782CF955EA005D25FE = {
						CreatedOnToolsVersion = 16.1;
					};
					B973C78A2CF955EC005D25FE = {
						CreatedOnToolsVersion = 16.1;
						TestTargetID = B973C7782CF955EA005D25FE;
					};
					B973C7942CF955EC005D25FE = {
						CreatedOnToolsVersion = 16.1;
						TestTargetID = B973C7782CF955EA005D25FE;
					};
				};
			};
			buildConfigurationList = B973C7742CF955EA005D25FE /* Build configuration list for PBXProject "Coversor de Moedas" */;
			developmentRegion = en;
			hasScannedForEncodings = 0;
			knownRegions = (
				en,
				Base,
			);
			mainGroup = B973C7702CF955EA005D25FE;
			minimizedProjectReferenceProxies = 1;
			preferredProjectObjectVersion = 77;
			productRefGroup = B973C77A2CF955EA005D25FE /* Products */;
			projectDirPath = "";
			projectRoot = "";
			targets = (
				B973C7782CF955EA005D25FE /* Coversor de Moedas */,
				B973C78A2CF955EC005D25FE /* Coversor de MoedasTests */,
				B973C7942CF955EC005D25FE /* Coversor de MoedasUITests */,
			);
		};
/* End PBXProject section */

/* Begin PBXResourcesBuildPhase section */
		B973C7772CF955EA005D25FE /* Resources */ = {
			isa = PBXResourcesBuildPhase;
			buildActionMask = 2147483647;
			files = (
			);
			runOnlyForDeploymentPostprocessing = 0;
		};
		B973C7892CF955EC005D25FE /* Resources */ = {
			isa = PBXResourcesBuildPhase;
			buildActionMask = 2147483647;
			files = (
			);
			runOnlyForDeploymentPostprocessing = 0;
		};
		B973C7932CF955EC005D25FE /* Resources */ = {
			isa = PBXResourcesBuildPhase;
			buildActionMask = 2147483647;
			files = (
			);
			runOnlyForDeploymentPostprocessing = 0;
		};
/* End PBXResourcesBuildPhase section */

/* Begin PBXSourcesBuildPhase section */
		B973C7752CF955EA005D25FE /* Sources */ = {
			isa = PBXSourcesBuildPhase;
			buildActionMask = 2147483647;
			files = (
			);
			runOnlyForDeploymentPostprocessing = 0;
		};
		B973C7872CF955EC005D25FE /* Sources */ = {
			isa = PBXSourcesBuildPhase;
			buildActionMask = 2147483647;
			files = (
			);
			runOnlyForDeploymentPostprocessing = 0;
		};
		B973C7912CF955EC005D25FE /* Sources */ = {
			isa = PBXSourcesBuildPhase;
			buildActionMask = 2147483647;
			files = (
			);
			runOnlyForDeploymentPostprocessing = 0;
		};
/* End PBXSourcesBuildPhase section */

/* Begin PBXTargetDependency section */
		B973C78D2CF955EC005D25FE /* PBXTargetDependency */ = {
			isa = PBXTargetDependency;
			target = B973C7782CF955EA005D25FE /* Coversor de Moedas */;
			targetProxy = B973C78C2CF955EC005D25FE /* PBXContainerItemProxy */;
		};
		B973C7972CF955EC005D25FE /* PBXTargetDependency */ = {
			isa = PBXTargetDependency;
			target = B973C7782CF955EA005D25FE /* Coversor de Moedas */;
			targetProxy = B973C7962CF955EC005D25FE /* PBXContainerItemProxy */;
		};
/* End PBXTargetDependency section */

/* Begin XCBuildConfiguration section */
		B973C79D2CF955EC005D25FE /* Debug */ = {
			isa = XCBuildConfiguration;
			buildSettings = {
				ALWAYS_SEARCH_USER_PATHS = NO;
				ASSETCATALOG_COMPILER_GENERATE_SWIFT_ASSET_SYMBOL_EXTENSIONS = YES;
				CLANG_ANALYZER_NONNULL = YES;
				CLANG_ANALYZER_NUMBER_OBJECT_CONVERSION = YES_AGGRESSIVE;
				CLANG_CXX_LANGUAGE_STANDARD = "gnu++20";
				CLANG_ENABLE_MODULES = YES;
				CLANG_ENABLE_OBJC_ARC = YES;
				CLANG_ENABLE_OBJC_WEAK = YES;
				CLANG_WARN_BLOCK_CAPTURE_AUTORELEASING = YES;
				CLANG_WARN_BOOL_CONVERSION = YES;
				CLANG_WARN_COMMA = YES;
				CLANG_WARN_CONSTANT_CONVERSION = YES;
				CLANG_WARN_DEPRECATED_OBJC_IMPLEMENTATIONS = YES;
				CLANG_WARN_DIRECT_OBJC_ISA_USAGE = YES_ERROR;
				CLANG_WARN_DOCUMENTATION_COMMENTS = YES;
				CLANG_WARN_EMPTY_BODY = YES;
				CLANG_WARN_ENUM_CONVERSION = YES;
				CLANG_WARN_INFINITE_RECURSION = YES;
				CLANG_WARN_INT_CONVERSION = YES;
				CLANG_WARN_NON_LITERAL_NULL_CONVERSION = YES;
				CLANG_WARN_OBJC_IMPLICIT_RETAIN_SELF = YES;
				CLANG_WARN_OBJC_LITERAL_CONVERSION = YES;
				CLANG_WARN_OBJC_ROOT_CLASS = YES_ERROR;
				CLANG_WARN_QUOTED_INCLUDE_IN_FRAMEWORK_HEADER = YES;
				CLANG_WARN_RANGE_LOOP_ANALYSIS = YES;
				CLANG_WARN_STRICT_PROTOTYPES = YES;
				CLANG_WARN_SUSPICIOUS_MOVE = YES;
				CLANG_WARN_UNGUARDED_AVAILABILITY = YES_AGGRESSIVE;
				CLANG_WARN_UNREACHABLE_CODE = YES;
				CLANG_WARN__DUPLICATE_METHOD_MATCH = YES;
				COPY_PHASE_STRIP = NO;
				DEBUG_INFORMATION_FORMAT = dwarf;
				ENABLE_STRICT_OBJC_MSGSEND = YES;
				ENABLE_TESTABILITY = YES;
				ENABLE_USER_SCRIPT_SANDBOXING = YES;
				GCC_C_LANGUAGE_STANDARD = gnu17;
				GCC_DYNAMIC_NO_PIC = NO;
				GCC_NO_COMMON_BLOCKS = YES;
				GCC_OPTIMIZATION_LEVEL = 0;
				GCC_PREPROCESSOR_DEFINITIONS = (
					"DEBUG=1",
					"$(inherited)",
				);
				GCC_WARN_64_TO_32_BIT_CONVERSION = YES;
				GCC_WARN_ABOUT_RETURN_TYPE = YES_ERROR;
				GCC_WARN_UNDECLARED_SELECTOR = YES;
				GCC_WARN_UNINITIALIZED_AUTOS = YES_AGGRESSIVE;
				GCC_WARN_UNUSED_FUNCTION = YES;
				GCC_WARN_UNUSED_VARIABLE = YES;
				IPHONEOS_DEPLOYMENT_TARGET = 18.1;
				LOCALIZATION_PREFERS_STRING_CATALOGS = YES;
				MTL_ENABLE_DEBUG_INFO = INCLUDE_SOURCE;
				MTL_FAST_MATH = YES;
				ONLY_ACTIVE_ARCH = YES;
				SDKROOT = iphoneos;
				SWIFT_ACTIVE_COMPILATION_CONDITIONS = "DEBUG $(inherited)";
				SWIFT_OPTIMIZATION_LEVEL = "-Onone";
			};
			name = Debug;
		};
		B973C79E2CF955EC005D25FE /* Release */ = {
			isa = XCBuildConfiguration;
			buildSettings = {
				ALWAYS_SEARCH_USER_PATHS = NO;
				ASSETCATALOG_COMPILER_GENERATE_SWIFT_ASSET_SYMBOL_EXTENSIONS = YES;
				CLANG_ANALYZER_NONNULL = YES;
				CLANG_ANALYZER_NUMBER_OBJECT_CONVERSION = YES_AGGRESSIVE;
				CLANG_CXX_LANGUAGE_STANDARD = "gnu++20";
				CLANG_ENABLE_MODULES = YES;
				CLANG_ENABLE_OBJC_ARC = YES;
				CLANG_ENABLE_OBJC_WEAK = YES;
				CLANG_WARN_BLOCK_CAPTURE_AUTORELEASING = YES;
				CLANG_WARN_BOOL_CONVERSION = YES;
				CLANG_WARN_COMMA = YES;
				CLANG_WARN_CONSTANT_CONVERSION = YES;
				CLANG_WARN_DEPRECATED_OBJC_IMPLEMENTATIONS = YES;
				CLANG_WARN_DIRECT_OBJC_ISA_USAGE = YES_ERROR;
				CLANG_WARN_DOCUMENTATION_COMMENTS = YES;
				CLANG_WARN_EMPTY_BODY = YES;
				CLANG_WARN_ENUM_CONVERSION = YES;
				CLANG_WARN_INFINITE_RECURSION = YES;
				CLANG_WARN_INT_CONVERSION = YES;
				CLANG_WARN_NON_LITERAL_NULL_CONVERSION = YES;
				CLANG_WARN_OBJC_IMPLICIT_RETAIN_SELF = YES;
				CLANG_WARN_OBJC_LITERAL_CONVERSION = YES;
				CLANG_WARN_OBJC_ROOT_CLASS = YES_ERROR;
				CLANG_WARN_QUOTED_INCLUDE_IN_FRAMEWORK_HEADER = YES;
				CLANG_WARN_RANGE_LOOP_ANALYSIS = YES;
				CLANG_WARN_STRICT_PROTOTYPES = YES;
				CLANG_WARN_SUSPICIOUS_MOVE = YES;
				CLANG_WARN_UNGUARDED_AVAILABILITY = YES_AGGRESSIVE;
				CLANG_WARN_UNREACHABLE_CODE = YES;
				CLANG_WARN__DUPLICATE_METHOD_MATCH = YES;
				COPY_PHASE_STRIP = NO;
				DEBUG_INFORMATION_FORMAT = "dwarf-with-dsym";
				ENABLE_NS_ASSERTIONS = NO;
				ENABLE_STRICT_OBJC_MSGSEND = YES;
				ENABLE_USER_SCRIPT_SANDBOXING = YES;
				GCC_C_LANGUAGE_STANDARD = gnu17;
				GCC_NO_COMMON_BLOCKS = YES;
				GCC_WARN_64_TO_32_BIT_CONVERSION = YES;
				GCC_WARN_ABOUT_RETURN_TYPE = YES_ERROR;
				GCC_WARN_UNDECLARED_SELECTOR = YES;
				GCC_WARN_UNINITIALIZED_AUTOS = YES_AGGRESSIVE;
				GCC_WARN_UNUSED_FUNCTION = YES;
				GCC_WARN_UNUSED_VARIABLE = YES;
				IPHONEOS_DEPLOYMENT_TARGET = 18.1;
				LOCALIZATION_PREFERS_STRING_CATALOGS = YES;
				MTL_ENABLE_DEBUG_INFO = NO;
				MTL_FAST_MATH = YES;
				SDKROOT = iphoneos;
				SWIFT_COMPILATION_MODE = wholemodule;
				VALIDATE_PRODUCT = YES;
			};
			name = Release;
		};
		B973C7A02CF955EC005D25FE /* Debug */ = {
			isa = XCBuildConfiguration;
			buildSettings = {
				ASSETCATALOG_COMPILER_APPICON_NAME = AppIcon;
				ASSETCATALOG_COMPILER_GLOBAL_ACCENT_COLOR_NAME = AccentColor;
				CODE_SIGN_STYLE = Automatic;
				CURRENT_PROJECT_VERSION = 1;
				DEVELOPMENT_ASSET_PATHS = "\"Coversor de Moedas/Preview Content\"";
				DEVELOPMENT_TEAM = SLD5CP45H8;
				ENABLE_PREVIEWS = YES;
				GENERATE_INFOPLIST_FILE = YES;
				INFOPLIST_KEY_UIApplicationSceneManifest_Generation = YES;
				INFOPLIST_KEY_UIApplicationSupportsIndirectInputEvents = YES;
				INFOPLIST_KEY_UILaunchScreen_Generation = YES;
				INFOPLIST_KEY_UISupportedInterfaceOrientations_iPad = "UIInterfaceOrientationPortrait UIInterfaceOrientationPortraitUpsideDown UIInterfaceOrientationLandscapeLeft UIInterfaceOrientationLandscapeRight";
				INFOPLIST_KEY_UISupportedInterfaceOrientations_iPhone = "UIInterfaceOrientationPortrait UIInterfaceOrientationLandscapeLeft UIInterfaceOrientationLandscapeRight";
				LD_RUNPATH_SEARCH_PATHS = (
					"$(inherited)",
					"@executable_path/Frameworks",
				);
				MARKETING_VERSION = 1.0;
				PRODUCT_BUNDLE_IDENTIFIER = "BrunoMaciel.Coversor-de-Moedas";
				PRODUCT_NAME = "$(TARGET_NAME)";
				SWIFT_EMIT_LOC_STRINGS = YES;
				SWIFT_VERSION = 5.0;
				TARGETED_DEVICE_FAMILY = "1,2";
			};
			name = Debug;
		};
		B973C7A12CF955EC005D25FE /* Release */ = {
			isa = XCBuildConfiguration;
			buildSettings = {
				ASSETCATALOG_COMPILER_APPICON_NAME = AppIcon;
				ASSETCATALOG_COMPILER_GLOBAL_ACCENT_COLOR_NAME = AccentColor;
				CODE_SIGN_STYLE = Automatic;
				CURRENT_PROJECT_VERSION = 1;
				DEVELOPMENT_ASSET_PATHS = "\"Coversor de Moedas/Preview Content\"";
				DEVELOPMENT_TEAM = SLD5CP45H8;
				ENABLE_PREVIEWS = YES;
				GENERATE_INFOPLIST_FILE = YES;
				INFOPLIST_KEY_UIApplicationSceneManifest_Generation = YES;
				INFOPLIST_KEY_UIApplicationSupportsIndirectInputEvents = YES;
				INFOPLIST_KEY_UILaunchScreen_Generation = YES;
				INFOPLIST_KEY_UISupportedInterfaceOrientations_iPad = "UIInterfaceOrientationPortrait UIInterfaceOrientationPortraitUpsideDown UIInterfaceOrientationLandscapeLeft UIInterfaceOrientationLandscapeRight";
				INFOPLIST_KEY_UISupportedInterfaceOrientations_iPhone = "UIInterfaceOrientationPortrait UIInterfaceOrientationLandscapeLeft UIInterfaceOrientationLandscapeRight";
				LD_RUNPATH_SEARCH_PATHS = (
					"$(inherited)",
					"@executable_path/Frameworks",
				);
				MARKETING_VERSION = 1.0;
				PRODUCT_BUNDLE_IDENTIFIER = "BrunoMaciel.Coversor-de-Moedas";
				PRODUCT_NAME = "$(TARGET_NAME)";
				SWIFT_EMIT_LOC_STRINGS = YES;
				SWIFT_VERSION = 5.0;
				TARGETED_DEVICE_FAMILY = "1,2";
			};
			name = Release;
		};
		B973C7A32CF955EC005D25FE /* Debug */ = {
			isa = XCBuildConfiguration;
			buildSettings = {
				BUNDLE_LOADER = "$(TEST_HOST)";
				"CODE_SIGN_IDENTITY[sdk=macosx*]" = "-";
				CODE_SIGN_STYLE = Automatic;
				CURRENT_PROJECT_VERSION = 1;
				DEVELOPMENT_TEAM = SLD5CP45H8;
				GENERATE_INFOPLIST_FILE = YES;
				IPHONEOS_DEPLOYMENT_TARGET = 18.1;
				MARKETING_VERSION = 1.0;
				PRODUCT_BUNDLE_IDENTIFIER = "BrunoMaciel.Coversor-de-MoedasTests";
				PRODUCT_NAME = "$(TARGET_NAME)";
				SWIFT_EMIT_LOC_STRINGS = NO;
				SWIFT_VERSION = 5.0;
				TARGETED_DEVICE_FAMILY = "1,2";
				TEST_HOST = "$(BUILT_PRODUCTS_DIR)/Coversor de Moedas.app/$(BUNDLE_EXECUTABLE_FOLDER_PATH)/Coversor de Moedas";
			};
			name = Debug;
		};
		B973C7A42CF955EC005D25FE /* Release */ = {
			isa = XCBuildConfiguration;
			buildSettings = {
				BUNDLE_LOADER = "$(TEST_HOST)";
				"CODE_SIGN_IDENTITY[sdk=macosx*]" = "-";
				CODE_SIGN_STYLE = Automatic;
				CURRENT_PROJECT_VERSION = 1;
				DEVELOPMENT_TEAM = SLD5CP45H8;
				GENERATE_INFOPLIST_FILE = YES;
				IPHONEOS_DEPLOYMENT_TARGET = 18.1;
				MARKETING_VERSION = 1.0;
				PRODUCT_BUNDLE_IDENTIFIER = "BrunoMaciel.Coversor-de-MoedasTests";
				PRODUCT_NAME = "$(TARGET_NAME)";
				SWIFT_EMIT_LOC_STRINGS = NO;
				SWIFT_VERSION = 5.0;
				TARGETED_DEVICE_FAMILY = "1,2";
				TEST_HOST = "$(BUILT_PRODUCTS_DIR)/Coversor de Moedas.app/$(BUNDLE_EXECUTABLE_FOLDER_PATH)/Coversor de Moedas";
			};
			name = Release;
		};
		B973C7A62CF955EC005D25FE /* Debug */ = {
			isa = XCBuildConfiguration;
			buildSettings = {
				"CODE_SIGN_IDENTITY[sdk=macosx*]" = "-";
				CODE_SIGN_STYLE = Automatic;
				CURRENT_PROJECT_VERSION = 1;
				DEVELOPMENT_TEAM = SLD5CP45H8;
				GENERATE_INFOPLIST_FILE = YES;
				MARKETING_VERSION = 1.0;
				PRODUCT_BUNDLE_IDENTIFIER = "BrunoMaciel.Coversor-de-MoedasUITests";
				PRODUCT_NAME = "$(TARGET_NAME)";
				SWIFT_EMIT_LOC_STRINGS = NO;
				SWIFT_VERSION = 5.0;
				TARGETED_DEVICE_FAMILY = "1,2";
				TEST_TARGET_NAME = "Coversor de Moedas";
			};
			name = Debug;
		};
		B973C7A72CF955EC005D25FE /* Release */ = {
			isa = XCBuildConfiguration;
			buildSettings = {
				"CODE_SIGN_IDENTITY[sdk=macosx*]" = "-";
				CODE_SIGN_STYLE = Automatic;
				CURRENT_PROJECT_VERSION = 1;
				DEVELOPMENT_TEAM = SLD5CP45H8;
				GENERATE_INFOPLIST_FILE = YES;
				MARKETING_VERSION = 1.0;
				PRODUCT_BUNDLE_IDENTIFIER = "BrunoMaciel.Coversor-de-MoedasUITests";
				PRODUCT_NAME = "$(TARGET_NAME)";
				SWIFT_EMIT_LOC_STRINGS = NO;
				SWIFT_VERSION = 5.0;
				TARGETED_DEVICE_FAMILY = "1,2";
				TEST_TARGET_NAME = "Coversor de Moedas";
			};
			name = Release;
		};
/* End XCBuildConfiguration section */

/* Begin XCConfigurationList section */
		B973C7742CF955EA005D25FE /* Build configuration list for PBXProject "Coversor de Moedas" */ = {
			isa = XCConfigurationList;
			buildConfigurations = (
				B973C79D2CF955EC005D25FE /* Debug */,
				B973C79E2CF955EC005D25FE /* Release */,
			);
			defaultConfigurationIsVisible = 0;
			defaultConfigurationName = Release;
		};
		B973C79F2CF955EC005D25FE /* Build configuration list for PBXNativeTarget "Coversor de Moedas" */ = {
			isa = XCConfigurationList;
			buildConfigurations = (
				B973C7A02CF955EC005D25FE /* Debug */,
				B973C7A12CF955EC005D25FE /* Release */,
			);
			defaultConfigurationIsVisible = 0;
			defaultConfigurationName = Release;
		};
		B973C7A22CF955EC005D25FE /* Build configuration list for PBXNativeTarget "Coversor de MoedasTests" */ = {
			isa = XCConfigurationList;
			buildConfigurations = (
				B973C7A32CF955EC005D25FE /* Debug */,
				B973C7A42CF955EC005D25FE /* Release */,
			);
			defaultConfigurationIsVisible = 0;
			defaultConfigurationName = Release;
		};
		B973C7A52CF955EC005D25FE /* Build configuration list for PBXNativeTarget "Coversor de MoedasUITests" */ = {
			isa = XCConfigurationList;
			buildConfigurations = (
				B973C7A62CF955EC005D25FE /* Debug */,
				B973C7A72CF955EC005D25FE /* Release */,
			);
			defaultConfigurationIsVisible = 0;
			defaultConfigurationName = Release;
		};
/* End XCConfigurationList section */
	};
	rootObject = B973C7712CF955EA005D25FE /* Project object */;
}
